{
  "name": "NouveauProjet",
  "version": "1.0.0",
  "lockfileVersion": 3,
  "requires": true,
  "packages": {
    "": {
      "name": "NouveauProjet",
      "version": "1.0.0",
      "license": "MIT",
      "dependencies": {
        "@tabler/core": "^1.4.0",
        "apexcharts": "^5.3.6",
        "choices.js": "^11.1.0",
        "chosen-js": "^1.8.7",
        "dropzone": "^6.0.0-beta.2",
        "flatpickr": "^4.6.13",
        "swagger-ui-dist": "^5.31.0",
        "vanilla-cookieconsent": "^3.1.0"
      }
    },
    "node_modules/@popperjs/core": {
      "version": "2.11.8",
      "resolved": "https://registry.npmjs.org/@popperjs/core/-/core-2.11.8.tgz",
      "integrity": "sha512-P1st0aksCrn9sGZhp8GMYwBnQsbvAWsZAX44oXNNvLHGqAOcoVxmjZiohstwQ7SqKnbR47akdNi+uleWD8+g6A==",
      "license": "MIT",
      "peer": true,
      "funding": {
        "type": "opencollective",
        "url": "https://opencollective.com/popperjs"
      }
    },
    "node_modules/@scarf/scarf": {
      "version": "1.4.0",
      "resolved": "https://registry.npmjs.org/@scarf/scarf/-/scarf-1.4.0.tgz",
      "integrity": "sha512-xxeapPiUXdZAE3che6f3xogoJPeZgig6omHEy1rIY5WVsB3H2BHNnZH+gHG6x91SCWyQCzWGsuL2Hh3ClO5/qQ==",
      "hasInstallScript": true,
      "license": "Apache-2.0"
    },
    "node_modules/@swc/helpers": {
      "version": "0.2.14",
      "resolved": "https://registry.npmjs.org/@swc/helpers/-/helpers-0.2.14.tgz",
      "integrity": "sha512-wpCQMhf5p5GhNg2MmGKXzUNwxe7zRiCsmqYsamez2beP7mKPCSiu+BjZcdN95yYSzO857kr0VfQewmGpS77nqA==",
      "license": "MIT"
    },
    "node_modules/@tabler/core": {
      "version": "1.4.0",
      "resolved": "https://registry.npmjs.org/@tabler/core/-/core-1.4.0.tgz",
      "integrity": "sha512-5BigzOlbOH9N0Is4u0rYNRCiwtnUXWO57K9zwuscygcicAa8UV9MGaS4zTgQsZEtZ9tsNANhN/YD8gCBGKYCiw==",
      "license": "MIT",
      "dependencies": {
        "@popperjs/core": "^2.11.8",
        "bootstrap": "5.3.7"
      },
      "engines": {
        "node": ">=20"
      },
      "funding": {
        "type": "github",
        "url": "https://github.com/sponsors/codecalm"
      }
    },
    "node_modules/@tabler/core/node_modules/bootstrap": {
      "version": "5.3.7",
      "resolved": "https://registry.npmjs.org/bootstrap/-/bootstrap-5.3.7.tgz",
      "integrity": "sha512-7KgiD8UHjfcPBHEpDNg+zGz8L3LqR3GVwqZiBRFX04a1BCArZOz1r2kjly2HQ0WokqTO0v1nF+QAt8dsW4lKlw==",
      "funding": [
        {
          "type": "github",
          "url": "https://github.com/sponsors/twbs"
        },
        {
          "type": "opencollective",
          "url": "https://opencollective.com/bootstrap"
        }
      ],
      "license": "MIT",
      "peerDependencies": {
        "@popperjs/core": "^2.11.8"
      }
    },
    "node_modules/@yr/monotone-cubic-spline": {
      "version": "1.0.3",
      "resolved": "https://registry.npmjs.org/@yr/monotone-cubic-spline/-/monotone-cubic-spline-1.0.3.tgz",
      "integrity": "sha512-FQXkOta0XBSUPHndIKON2Y9JeQz5ZeMqLYZVVK93FliNBFm7LNMIZmY6FrMEB9XPcDbE2bekMbZD6kzDkxwYjA==",
      "license": "MIT"
    },
    "node_modules/apexcharts": {
      "version": "5.6.0",
      "resolved": "https://registry.npmjs.org/apexcharts/-/apexcharts-5.6.0.tgz",
      "integrity": "sha512-BZua59yedRsaDfnxkzNrkyLCvluq2c3ZDBIz4joxSKtgr0xDQXQ5dzceMhf/TpTbAjaF+2NYIpLP3BEEIG2s/w==",
      "license": "SEE LICENSE IN LICENSE",
      "dependencies": {
        "@yr/monotone-cubic-spline": "^1.0.3"
      }
    },
    "node_modules/choices.js": {
      "version": "11.1.0",
      "resolved": "https://registry.npmjs.org/choices.js/-/choices.js-11.1.0.tgz",
      "integrity": "sha512-mIt0uLhedHg2ea/K2PACrVpt391vRGHuOoctPAiHcyemezwzNMxj7jOzNEk8e7EbjLh0S0sspDkSCADOKz9kcw==",
      "license": "MIT",
      "dependencies": {
        "fuse.js": "^7.0.0"
      }
    },
    "node_modules/chosen-js": {
      "version": "1.8.7",
      "resolved": "https://registry.npmjs.org/chosen-js/-/chosen-js-1.8.7.tgz",
      "integrity": "sha512-eVdrZJ2U5ISdObkgsi0od5vIJdLwq1P1Xa/Vj/mgxkMZf14DlgobfB6nrlFi3kW4kkvKLsKk4NDqZj1MU1DCpw==",
      "license": "MIT"
    },
    "node_modules/dropzone": {
      "version": "6.0.0-beta.2",
      "resolved": "https://registry.npmjs.org/dropzone/-/dropzone-6.0.0-beta.2.tgz",
      "integrity": "sha512-k44yLuFFhRk53M8zP71FaaNzJYIzr99SKmpbO/oZKNslDjNXQsBTdfLs+iONd0U0L94zzlFzRnFdqbLcs7h9fQ==",
      "license": "MIT",
      "dependencies": {
        "@swc/helpers": "^0.2.13",
        "just-extend": "^5.0.0"
      }
    },
    "node_modules/flatpickr": {
      "version": "4.6.13",
      "resolved": "https://registry.npmjs.org/flatpickr/-/flatpickr-4.6.13.tgz",
      "integrity": "sha512-97PMG/aywoYpB4IvbvUJi0RQi8vearvU0oov1WW3k0WZPBMrTQVqekSX5CjSG/M4Q3i6A/0FKXC7RyAoAUUSPw==",
      "license": "MIT"
    },
    "node_modules/fuse.js": {
      "version": "7.1.0",
      "resolved": "https://registry.npmjs.org/fuse.js/-/fuse.js-7.1.0.tgz",
      "integrity": "sha512-trLf4SzuuUxfusZADLINj+dE8clK1frKdmqiJNb1Es75fmI5oY6X2mxLVUciLLjxqw/xr72Dhy+lER6dGd02FQ==",
      "license": "Apache-2.0",
      "engines": {
        "node": ">=10"
      }
    },
    "node_modules/just-extend": {
      "version": "5.1.1",
      "resolved": "https://registry.npmjs.org/just-extend/-/just-extend-5.1.1.tgz",
      "integrity": "sha512-b+z6yF1d4EOyDgylzQo5IminlUmzSeqR1hs/bzjBNjuGras4FXq/6TrzjxfN0j+TmI0ltJzTNlqXUMCniciwKQ==",
      "license": "MIT"
    },
    "node_modules/swagger-ui-dist": {
      "version": "5.31.2",
      "resolved": "https://registry.npmjs.org/swagger-ui-dist/-/swagger-ui-dist-5.31.2.tgz",
      "integrity": "sha512-uIoesCjDcxnAKj/C/HG5pjHZMQs2K/qmqpUlwLxxaVryGKlgm8Ri+VOza5xywAqf//pgg/hW16RYa6dDuTCOSg==",
      "license": "Apache-2.0",
      "dependencies": {
        "@scarf/scarf": "=1.4.0"
      }
    },
    "node_modules/vanilla-cookieconsent": {
      "version": "3.1.0",
      "resolved": "https://registry.npmjs.org/vanilla-cookieconsent/-/vanilla-cookieconsent-3.1.0.tgz",
      "integrity": "sha512-/McNRtm/3IXzb9dhqMIcbquoU45SzbN2VB+To4jxEPqMmp7uVniP6BhGLjU8MC7ZCDsNQVOp27fhQTM/ruIXAA==",
      "license": "MIT"
    }
  }
}
